<?xml version="1.0" encoding="utf-8"?>
<Project ToolsVersion="4.0" xmlns="http://schemas.microsoft.com/developer/msbuild/2003">
  <ItemGroup>
    <Filter Include="リソース ファイル">
      <UniqueIdentifier>{67DA6AB6-F800-4c08-8B7A-83BB121AAD01}</UniqueIdentifier>
      <Extensions>rc;ico;cur;bmp;dlg;rc2;rct;bin;rgs;gif;jpg;jpeg;jpe;resx;tiff;tif;png;wav;mfcribbon-ms</Extensions>
    </Filter>
    <Filter Include="Singleton">
      <UniqueIdentifier>{ede3e195-95f9-4262-a982-a4aaec15070d}</UniqueIdentifier>
    </Filter>
    <Filter Include="Observer">
      <UniqueIdentifier>{05d91f4d-83ab-4856-b3be-2cbd33d483d6}</UniqueIdentifier>
    </Filter>
    <Filter Include="RandomModule">
      <UniqueIdentifier>{b1541980-0645-4d31-aa89-acdd87706d71}</UniqueIdentifier>
    </Filter>
    <Filter Include="Easing">
      <UniqueIdentifier>{6f30add2-cd30-49a8-8de5-32b2177aa435}</UniqueIdentifier>
    </Filter>
    <Filter Include="CRC31_HashGenerator">
      <UniqueIdentifier>{8537de63-342e-4903-9404-24be0d03ebe3}</UniqueIdentifier>
    </Filter>
    <Filter Include="_Manual_">
      <UniqueIdentifier>{7d58270c-e331-467a-882b-c08d2a81f8b2}</UniqueIdentifier>
    </Filter>
    <Filter Include="FrameManager">
      <UniqueIdentifier>{958d386c-ef0c-4464-8971-23cd5b6d94a0}</UniqueIdentifier>
    </Filter>
    <Filter Include="IME_Controller">
      <UniqueIdentifier>{e4284ab4-ce77-45f2-9d35-3daae9d14f96}</UniqueIdentifier>
    </Filter>
    <Filter Include="WindowGenerator">
      <UniqueIdentifier>{f8e35661-289f-4148-8269-114a45a09d0e}</UniqueIdentifier>
    </Filter>
    <Filter Include="DirectX11">
      <UniqueIdentifier>{9aa1f9df-504f-49ae-b4b3-d969d227f6b3}</UniqueIdentifier>
    </Filter>
    <Filter Include="DirectX11\Texture">
      <UniqueIdentifier>{62f907fd-41e2-479a-86d4-6d11bded8cfd}</UniqueIdentifier>
    </Filter>
    <Filter Include="Component">
      <UniqueIdentifier>{bd9dbb92-a825-4413-a443-ea9559b71a8e}</UniqueIdentifier>
    </Filter>
    <Filter Include="DirectX11\System">
      <UniqueIdentifier>{1f34fda5-57e4-4102-a93d-dc05ec050150}</UniqueIdentifier>
    </Filter>
    <Filter Include="DirectX11\Assets">
      <UniqueIdentifier>{6091a21f-f6e7-40d8-84d2-bdebe51d683a}</UniqueIdentifier>
    </Filter>
    <Filter Include="DirectX11\Assets\Shader">
      <UniqueIdentifier>{28de7c58-8a7a-4811-ad75-ec13e7e42efd}</UniqueIdentifier>
    </Filter>
  </ItemGroup>
  <ItemGroup>
    <ClInclude Include="Singleton\Singleton.hpp">
      <Filter>Singleton</Filter>
    </ClInclude>
    <ClInclude Include="Singleton\SingletonController.hpp">
      <Filter>Singleton</Filter>
    </ClInclude>
    <ClInclude Include="Observer\Observer.hpp">
      <Filter>Observer</Filter>
    </ClInclude>
    <ClInclude Include="RandomModule\Random.hpp">
      <Filter>RandomModule</Filter>
    </ClInclude>
    <ClInclude Include="CRC31_HashGenerator\HashGenerator.hpp">
      <Filter>CRC31_HashGenerator</Filter>
    </ClInclude>
    <ClInclude Include="Easing\Easing.hpp">
      <Filter>Easing</Filter>
    </ClInclude>
    <ClInclude Include="_Manual_\SingletonManual.hpp">
      <Filter>_Manual_</Filter>
    </ClInclude>
    <ClInclude Include="FrameManager\FrameManager.hpp">
      <Filter>FrameManager</Filter>
    </ClInclude>
    <ClInclude Include="IME_Controller\IME.hpp">
      <Filter>IME_Controller</Filter>
    </ClInclude>
    <ClInclude Include="WindowGenerator\Window.hpp">
      <Filter>WindowGenerator</Filter>
    </ClInclude>
    <ClInclude Include="DirectX11\DX11_Initialize.hpp">
      <Filter>DirectX11</Filter>
    </ClInclude>
    <ClInclude Include="DirectX11\Texture\Texture.hpp">
      <Filter>DirectX11\Texture</Filter>
    </ClInclude>
    <ClInclude Include="Component\ComponentManager.hpp">
      <Filter>Component</Filter>
    </ClInclude>
    <ClInclude Include="Component\Component.hpp">
      <Filter>Component</Filter>
    </ClInclude>
    <ClInclude Include="_Manual_\RandomModuleManual.hpp">
      <Filter>_Manual_</Filter>
    </ClInclude>
    <ClInclude Include="DirectX11\Texture\Shader.hpp">
      <Filter>DirectX11\Texture</Filter>
    </ClInclude>
    <ClInclude Include="DirectX11\Texture\UnorderedAccessView.hpp">
      <Filter>DirectX11\Texture</Filter>
    </ClInclude>
    <ClInclude Include="DirectX11\Texture\MeshBuffer.hpp">
      <Filter>DirectX11\Texture</Filter>
    </ClInclude>
    <ClInclude Include="DirectX11\System\Sprite.hpp">
      <Filter>DirectX11\System</Filter>
    </ClInclude>
    <ClInclude Include="_Manual_\ObserverManual.hpp">
      <Filter>_Manual_</Filter>
    </ClInclude>
  </ItemGroup>
  <ItemGroup>
    <ClCompile Include="Singleton\SingletonController.cpp">
      <Filter>Singleton</Filter>
    </ClCompile>
    <ClCompile Include="Observer\Observer.cpp">
      <Filter>Observer</Filter>
    </ClCompile>
    <ClCompile Include="RandomModule\Random.cpp">
      <Filter>RandomModule</Filter>
    </ClCompile>
    <ClCompile Include="CRC31_HashGenerator\HashGenerator.cpp">
      <Filter>CRC31_HashGenerator</Filter>
    </ClCompile>
    <ClCompile Include="Easing\Easing.cpp">
      <Filter>Easing</Filter>
    </ClCompile>
    <ClCompile Include="_Manual_\Manual.cpp">
      <Filter>_Manual_</Filter>
    </ClCompile>
    <ClCompile Include="FrameManager\FrameManager.cpp">
      <Filter>FrameManager</Filter>
    </ClCompile>
    <ClCompile Include="IME_Controller\IME.cpp">
      <Filter>IME_Controller</Filter>
    </ClCompile>
    <ClCompile Include="WindowGenerator\Window.cpp">
      <Filter>WindowGenerator</Filter>
    </ClCompile>
    <ClCompile Include="DirectX11\DX11_Initialize.cpp">
      <Filter>DirectX11</Filter>
    </ClCompile>
    <ClCompile Include="DirectX11\Texture\Texture.cpp">
      <Filter>DirectX11\Texture</Filter>
    </ClCompile>
    <ClCompile Include="Component\Component.cpp">
      <Filter>Component</Filter>
    </ClCompile>
    <ClCompile Include="DirectX11\Texture\Shader.cpp">
      <Filter>DirectX11\Texture</Filter>
    </ClCompile>
    <ClCompile Include="DirectX11\Texture\UnorderedAccessView.cpp">
      <Filter>DirectX11\Texture</Filter>
    </ClCompile>
    <ClCompile Include="DirectX11\Texture\MeshBuffer.cpp">
      <Filter>DirectX11\Texture</Filter>
    </ClCompile>
    <ClCompile Include="DirectX11\System\Sprite.cpp">
      <Filter>DirectX11\System</Filter>
    </ClCompile>
  </ItemGroup>
  <ItemGroup>
    <FxCompile Include="DirectX11\Assets\Shader\VS_Sprite.hlsl">
      <Filter>DirectX11\Assets\Shader</Filter>
    </FxCompile>
    <FxCompile Include="DirectX11\Assets\Shader\PS_Sprite.hlsl">
      <Filter>DirectX11\Assets\Shader</Filter>
    </FxCompile>
  </ItemGroup>
</Project>